
Microsoft Visual Studio Solution File, Format Version 12.00
# Visual Studio Version 17
VisualStudioVersion = 17.9.34607.119
MinimumVisualStudioVersion = 10.0.40219.1
Project("{888888A0-9F3D-457C-B088-3A5042F75D52}") = "Modulo_AdquiCon", "Modulo_AdquiCon.pyproj", "{AC37A386-79BD-4B88-BA41-D8A983BF5023}"
EndProject
Global
	GlobalSection(SolutionConfigurationPlatforms) = preSolution
		Debug|Any CPU = Debug|Any CPU
		Release|Any CPU = Release|Any CPU
	EndGlobalSection
	GlobalSection(ProjectConfigurationPlatforms) = postSolution
		{AC37A386-79BD-4B88-BA41-D8A983BF5023}.Debug|Any CPU.ActiveCfg = Debug|Any CPU
		{AC37A386-79BD-4B88-BA41-D8A983BF5023}.Release|Any CPU.ActiveCfg = Release|Any CPU
	EndGlobalSection
	GlobalSection(SolutionProperties) = preSolution
		HideSolutionNode = FALSE
	EndGlobalSection
	GlobalSection(ExtensibilityGlobals) = postSolution
		SolutionGuid = {CA08CDB2-B71E-4615-B2D5-2CA909815255}
	EndGlobalSection
EndGlobal
